
Microsoft Visual Studio Solution File, Format Version 12.00
# Visual Studio Version 16
VisualStudioVersion = 16.0.30503.244
MinimumVisualStudioVersion = 10.0.40219.1
Project("{FAE04EC0-301F-11D3-BF4B-00C04F79EFBC}") = "PrimeraAPPConsola", "PrimeraAPPConsola\PrimeraAPPConsola.csproj", "{95CBA7D3-6065-4499-8F36-3BBE9192B180}"
EndProject
Global
	GlobalSection(SolutionConfigurationPlatforms) = preSolution
		Debug|Any CPU = Debug|Any CPU
		Release|Any CPU = Release|Any CPU
	EndGlobalSection
	GlobalSection(ProjectConfigurationPlatforms) = postSolution
		{95CBA7D3-6065-4499-8F36-3BBE9192B180}.Debug|Any CPU.ActiveCfg = Debug|Any CPU
		{95CBA7D3-6065-4499-8F36-3BBE9192B180}.Debug|Any CPU.Build.0 = Debug|Any CPU
		{95CBA7D3-6065-4499-8F36-3BBE9192B180}.Release|Any CPU.ActiveCfg = Release|Any CPU
		{95CBA7D3-6065-4499-8F36-3BBE9192B180}.Release|Any CPU.Build.0 = Release|Any CPU
	EndGlobalSection
	GlobalSection(SolutionProperties) = preSolution
		HideSolutionNode = FALSE
	EndGlobalSection
	GlobalSection(ExtensibilityGlobals) = postSolution
		SolutionGuid = {7A6D050A-809A-4354-968E-D55E4E8B37C7}
	EndGlobalSection
EndGlobal
